
Microsoft Visual Studio Solution File, Format Version 12.00
# Visual Studio 15
VisualStudioVersion = 15.0.26730.12
MinimumVisualStudioVersion = 10.0.40219.1
Project("{FAE04EC0-301F-11D3-BF4B-00C04F79EFBC}") = "CTCI 1.4 Replace Spaces", "CTCI 1.4 Replace Spaces\CTCI 1.4 Replace Spaces.csproj", "{24AF0E3D-1572-474A-B1E1-04B8532C232E}"
EndProject
Global
	GlobalSection(SolutionConfigurationPlatforms) = preSolution
		Debug|Any CPU = Debug|Any CPU
		Release|Any CPU = Release|Any CPU
	EndGlobalSection
	GlobalSection(ProjectConfigurationPlatforms) = postSolution
		{24AF0E3D-1572-474A-B1E1-04B8532C232E}.Debug|Any CPU.ActiveCfg = Debug|Any CPU
		{24AF0E3D-1572-474A-B1E1-04B8532C232E}.Debug|Any CPU.Build.0 = Debug|Any CPU
		{24AF0E3D-1572-474A-B1E1-04B8532C232E}.Release|Any CPU.ActiveCfg = Release|Any CPU
		{24AF0E3D-1572-474A-B1E1-04B8532C232E}.Release|Any CPU.Build.0 = Release|Any CPU
	EndGlobalSection
	GlobalSection(SolutionProperties) = preSolution
		HideSolutionNode = FALSE
	EndGlobalSection
	GlobalSection(ExtensibilityGlobals) = postSolution
		SolutionGuid = {5B8BDF0D-7F9A-4BB8-B5FD-CE5D60B2EEB4}
	EndGlobalSection
EndGlobal
